
Microsoft Visual Studio Solution File, Format Version 12.00
# Visual Studio Version 17
VisualStudioVersion = 17.7.34202.233
MinimumVisualStudioVersion = 10.0.40219.1
Project("{9A19103F-16F7-4668-BE54-9A1E7A4F7556}") = "Cart_Inventory", "Cart_Inventory.csproj", "{17DCA002-C2F1-4CA1-9846-2646AB7E81EC}"
EndProject
Global
	GlobalSection(SolutionConfigurationPlatforms) = preSolution
		Debug|Any CPU = Debug|Any CPU
		Release|Any CPU = Release|Any CPU
	EndGlobalSection
	GlobalSection(ProjectConfigurationPlatforms) = postSolution
		{17DCA002-C2F1-4CA1-9846-2646AB7E81EC}.Debug|Any CPU.ActiveCfg = Debug|Any CPU
		{17DCA002-C2F1-4CA1-9846-2646AB7E81EC}.Debug|Any CPU.Build.0 = Debug|Any CPU
		{17DCA002-C2F1-4CA1-9846-2646AB7E81EC}.Release|Any CPU.ActiveCfg = Release|Any CPU
		{17DCA002-C2F1-4CA1-9846-2646AB7E81EC}.Release|Any CPU.Build.0 = Release|Any CPU
	EndGlobalSection
	GlobalSection(SolutionProperties) = preSolution
		HideSolutionNode = FALSE
	EndGlobalSection
	GlobalSection(ExtensibilityGlobals) = postSolution
		SolutionGuid = {C8A10620-30D9-4C6D-BE29-033AA3C62BB7}
	EndGlobalSection
EndGlobal
